
Microsoft Visual Studio Solution File, Format Version 12.00
# Visual Studio Version 16
VisualStudioVersion = 16.0.31112.23
MinimumVisualStudioVersion = 10.0.40219.1
Project("{FAE04EC0-301F-11D3-BF4B-00C04F79EFBC}") = "DeployOnPremDemo", "DeployOnPremDemo\DeployOnPremDemo.csproj", "{77114C99-C461-48E2-85F2-EFBE017C7D3D}"
EndProject
Global
	GlobalSection(SolutionConfigurationPlatforms) = preSolution
		Debug|Any CPU = Debug|Any CPU
		Release|Any CPU = Release|Any CPU
	EndGlobalSection
	GlobalSection(ProjectConfigurationPlatforms) = postSolution
		{77114C99-C461-48E2-85F2-EFBE017C7D3D}.Debug|Any CPU.ActiveCfg = Debug|Any CPU
		{77114C99-C461-48E2-85F2-EFBE017C7D3D}.Debug|Any CPU.Build.0 = Debug|Any CPU
		{77114C99-C461-48E2-85F2-EFBE017C7D3D}.Release|Any CPU.ActiveCfg = Release|Any CPU
		{77114C99-C461-48E2-85F2-EFBE017C7D3D}.Release|Any CPU.Build.0 = Release|Any CPU
	EndGlobalSection
	GlobalSection(SolutionProperties) = preSolution
		HideSolutionNode = FALSE
	EndGlobalSection
	GlobalSection(ExtensibilityGlobals) = postSolution
		SolutionGuid = {36AF1CEA-288B-4F96-9EF7-37334595DB26}
	EndGlobalSection
EndGlobal
